// !$*UTF8*$!
{
	archiveVersion = 1;
	classes = {
	};
	objectVersion = 46;
	objects = {

/* Begin PBXBuildFile section */
		24B05AEB152590D70085F649 /* LearningChineseLetter.m in Sources */ = {isa = PBXBuildFile; fileRef = 24B05AE8152590D70085F649 /* LearningChineseLetter.m */; };
		24B05AEC152590D70085F649 /* LearningChineseLettersList.m in Sources */ = {isa = PBXBuildFile; fileRef = 24B05AEA152590D70085F649 /* LearningChineseLettersList.m */; };
		6F3AABD115344D75005E83EC /* gameFourFlash.png in Resources */ = {isa = PBXBuildFile; fileRef = 6F3AABD015344D75005E83EC /* gameFourFlash.png */; };
		6F3AABD815344E2E005E83EC /* LearningChineseGameFourViewController.m in Sources */ = {isa = PBXBuildFile; fileRef = 6F3AABD715344E2E005E83EC /* LearningChineseGameFourViewController.m */; };
		6F9E408D15237F4200DACAD3 /* CoreDataTableViewController.m in Sources */ = {isa = PBXBuildFile; fileRef = 6F9E408715237BEF00DACAD3 /* CoreDataTableViewController.m */; };
		6FAFADB71525A95800EA78F4 /* Score.m in Sources */ = {isa = PBXBuildFile; fileRef = 6FAFADB61525A95800EA78F4 /* Score.m */; };
		6FAFADC01525AE1500EA78F4 /* LearningChineseHighScoreViewController.m in Sources */ = {isa = PBXBuildFile; fileRef = 6FAFADBF1525AE1500EA78F4 /* LearningChineseHighScoreViewController.m */; };
		6FAFADC21525AED900EA78F4 /* trophy.png in Resources */ = {isa = PBXBuildFile; fileRef = 6FAFADC11525AED900EA78F4 /* trophy.png */; };
		6FAFADC41525AF5500EA78F4 /* chineseBook.png in Resources */ = {isa = PBXBuildFile; fileRef = 6FAFADC31525AF5500EA78F4 /* chineseBook.png */; };
		6FAFADC61525E8F100EA78F4 /* GameTwowrite.png in Resources */ = {isa = PBXBuildFile; fileRef = 6FAFADC51525E8F100EA78F4 /* GameTwowrite.png */; };
		6FAFADCE1525EC5800EA78F4 /* gameOneReco.png in Resources */ = {isa = PBXBuildFile; fileRef = 6FAFADCD1525EC5800EA78F4 /* gameOneReco.png */; };
		6FAFADD01525EE7B00EA78F4 /* gameThreeDrag.png in Resources */ = {isa = PBXBuildFile; fileRef = 6FAFADCF1525EE7B00EA78F4 /* gameThreeDrag.png */; };
		6FD35AED1525FB9F001BA536 /* gradientBackground.png in Resources */ = {isa = PBXBuildFile; fileRef = 6FD35AEC1525FB9F001BA536 /* gradientBackground.png */; };
		6FD35AF01525FE59001BA536 /* bottomRow.png in Resources */ = {isa = PBXBuildFile; fileRef = 6FD35AEF1525FE59001BA536 /* bottomRow.png */; };
		6FD35AF21525FE63001BA536 /* topAndBottomRow.png in Resources */ = {isa = PBXBuildFile; fileRef = 6FD35AF11525FE63001BA536 /* topAndBottomRow.png */; };
		6FD35AF81526004A001BA536 /* bottomRowSelected.png in Resources */ = {isa = PBXBuildFile; fileRef = 6FD35AF71526004A001BA536 /* bottomRowSelected.png */; };
		6FD35AFB15260050001BA536 /* middleRowSelected.png in Resources */ = {isa = PBXBuildFile; fileRef = 6FD35AFA15260050001BA536 /* middleRowSelected.png */; };
		6FD35AFD15260055001BA536 /* middleRow.png in Resources */ = {isa = PBXBuildFile; fileRef = 6FD35AFC15260055001BA536 /* middleRow.png */; };
		6FD35AFF1526005A001BA536 /* topRow.png in Resources */ = {isa = PBXBuildFile; fileRef = 6FD35AFE1526005A001BA536 /* topRow.png */; };
		6FD35B011526005F001BA536 /* topRowSelected.png in Resources */ = {isa = PBXBuildFile; fileRef = 6FD35B001526005F001BA536 /* topRowSelected.png */; };
		6FD35B0315260066001BA536 /* imageB.png in Resources */ = {isa = PBXBuildFile; fileRef = 6FD35B0215260066001BA536 /* imageB.png */; };
		6FD35B0515260070001BA536 /* topAndBottomRowSelected.png in Resources */ = {isa = PBXBuildFile; fileRef = 6FD35B0415260070001BA536 /* topAndBottomRowSelected.png */; };
		6FD35B071526007F001BA536 /* indicator.png in Resources */ = {isa = PBXBuildFile; fileRef = 6FD35B061526007F001BA536 /* indicator.png */; };
		6FD35B0E152608CD001BA536 /* User.m in Sources */ = {isa = PBXBuildFile; fileRef = 6FD35B0D152608CD001BA536 /* User.m */; };
		6FDFAC661522E2800065E70F /* LearningChineseDatabaseViewController.m in Sources */ = {isa = PBXBuildFile; fileRef = 6FDFAC651522E2800065E70F /* LearningChineseDatabaseViewController.m */; };
		6FDFAC6D1522EA770065E70F /* CoreData.framework in Frameworks */ = {isa = PBXBuildFile; fileRef = 6FDFAC6C1522EA770065E70F /* CoreData.framework */; };
		6FDFAC701522EFCA0065E70F /* LearningChineseAddWordToDatabaseViewController.m in Sources */ = {isa = PBXBuildFile; fileRef = 6FDFAC6F1522EFCA0065E70F /* LearningChineseAddWordToDatabaseViewController.m */; };
		6FDFACAC152303D20065E70F /* Model.xcdatamodeld in Sources */ = {isa = PBXBuildFile; fileRef = 6FDFACAA152303D20065E70F /* Model.xcdatamodeld */; };
		6FDFACAF152305A10065E70F /* Word.m in Sources */ = {isa = PBXBuildFile; fileRef = 6FDFACAE152305A10065E70F /* Word.m */; };
		6FF88E98151C547300834B91 /* UIKit.framework in Frameworks */ = {isa = PBXBuildFile; fileRef = 6FF88E97151C547300834B91 /* UIKit.framework */; };
		6FF88E9A151C547300834B91 /* Foundation.framework in Frameworks */ = {isa = PBXBuildFile; fileRef = 6FF88E99151C547300834B91 /* Foundation.framework */; };
		6FF88E9C151C547300834B91 /* CoreGraphics.framework in Frameworks */ = {isa = PBXBuildFile; fileRef = 6FF88E9B151C547300834B91 /* CoreGraphics.framework */; };
		6FF88EA2151C547300834B91 /* InfoPlist.strings in Resources */ = {isa = PBXBuildFile; fileRef = 6FF88EA0151C547300834B91 /* InfoPlist.strings */; };
		6FF88EA4151C547300834B91 /* main.m in Sources */ = {isa = PBXBuildFile; fileRef = 6FF88EA3151C547300834B91 /* main.m */; };
		6FF88EA8151C547300834B91 /* LearningChineseAppDelegate.m in Sources */ = {isa = PBXBuildFile; fileRef = 6FF88EA7151C547300834B91 /* LearningChineseAppDelegate.m */; };
		6FF88EAB151C547300834B91 /* MainStoryboard.storyboard in Resources */ = {isa = PBXBuildFile; fileRef = 6FF88EA9151C547300834B91 /* MainStoryboard.storyboard */; };
		6FF88EAE151C547300834B91 /* LearningChineseViewController.m in Sources */ = {isa = PBXBuildFile; fileRef = 6FF88EAD151C547300834B91 /* LearningChineseViewController.m */; };
		6FF88EB6151C551800834B91 /* LearningChineseGameOneViewController.m in Sources */ = {isa = PBXBuildFile; fileRef = 6FF88EB5151C551800834B91 /* LearningChineseGameOneViewController.m */; };
		6FF88EB9151C552700834B91 /* LearningChineseGameTwoViewController.m in Sources */ = {isa = PBXBuildFile; fileRef = 6FF88EB8151C552700834B91 /* LearningChineseGameTwoViewController.m */; };
		6FFB47C81524AFEE00798148 /* LearningChineseGameThreeViewController.m in Sources */ = {isa = PBXBuildFile; fileRef = 6FFB47C71524AFEE00798148 /* LearningChineseGameThreeViewController.m */; };
		6FFF873215240CD70039B1BB /* LearningChineseWordDetailViewController.m in Sources */ = {isa = PBXBuildFile; fileRef = 6FFF873115240CD70039B1BB /* LearningChineseWordDetailViewController.m */; };
		9D13EAA5152465C000B4BB5B /* Default@2x.png in Resources */ = {isa = PBXBuildFile; fileRef = 9D13EAA4152465C000B4BB5B /* Default@2x.png */; };
		9D13EAA81524681800B4BB5B /* ilearnChinese_icon.png in Resources */ = {isa = PBXBuildFile; fileRef = 9D13EAA71524681800B4BB5B /* ilearnChinese_icon.png */; };
		9D5765941526E51800B6360C /* background_game3.png in Resources */ = {isa = PBXBuildFile; fileRef = 9D5765931526E51800B6360C /* background_game3.png */; };
		9DAE99931525A77B00F9DA98 /* Background@2x.png in Resources */ = {isa = PBXBuildFile; fileRef = 9DAE99921525A77B00F9DA98 /* Background@2x.png */; };
		9DAE999A1525A95000F9DA98 /* Background.png in Resources */ = {isa = PBXBuildFile; fileRef = 9DAE99991525A95000F9DA98 /* Background.png */; };
		9DF934D915262D1D00F2FEC7 /* meaning.png in Resources */ = {isa = PBXBuildFile; fileRef = 9DF934D815262D1D00F2FEC7 /* meaning.png */; };
		9DF934E115263F5900F2FEC7 /* draw.png in Resources */ = {isa = PBXBuildFile; fileRef = 9DF934E015263F5900F2FEC7 /* draw.png */; };
/* End PBXBuildFile section */

/* Begin PBXFileReference section */
		24B05AE7152590D70085F649 /* LearningChineseLetter.h */ = {isa = PBXFileReference; fileEncoding = 4; lastKnownFileType = sourcecode.c.h; path = LearningChineseLetter.h; sourceTree = "<group>"; };
		24B05AE8152590D70085F649 /* LearningChineseLetter.m */ = {isa = PBXFileReference; fileEncoding = 4; lastKnownFileType = sourcecode.c.objc; path = LearningChineseLetter.m; sourceTree = "<group>"; };
		24B05AE9152590D70085F649 /* LearningChineseLettersList.h */ = {isa = PBXFileReference; fileEncoding = 4; lastKnownFileType = sourcecode.c.h; path = LearningChineseLettersList.h; sourceTree = "<group>"; };
		24B05AEA152590D70085F649 /* LearningChineseLettersList.m */ = {isa = PBXFileReference; fileEncoding = 4; lastKnownFileType = sourcecode.c.objc; path = LearningChineseLettersList.m; sourceTree = "<group>"; };
		6F3AABD015344D75005E83EC /* gameFourFlash.png */ = {isa = PBXFileReference; lastKnownFileType = image.png; path = gameFourFlash.png; sourceTree = "<group>"; };
		6F3AABD615344E2E005E83EC /* LearningChineseGameFourViewController.h */ = {isa = PBXFileReference; fileEncoding = 4; lastKnownFileType = sourcecode.c.h; path = LearningChineseGameFourViewController.h; sourceTree = "<group>"; };
		6F3AABD715344E2E005E83EC /* LearningChineseGameFourViewController.m */ = {isa = PBXFileReference; fileEncoding = 4; lastKnownFileType = sourcecode.c.objc; path = LearningChineseGameFourViewController.m; sourceTree = "<group>"; };
		6F9E408615237BEF00DACAD3 /* CoreDataTableViewController.h */ = {isa = PBXFileReference; lastKnownFileType = sourcecode.c.h; path = CoreDataTableViewController.h; sourceTree = "<group>"; };
		6F9E408715237BEF00DACAD3 /* CoreDataTableViewController.m */ = {isa = PBXFileReference; lastKnownFileType = sourcecode.c.objc; path = CoreDataTableViewController.m; sourceTree = "<group>"; };
		6FAFADB51525A95800EA78F4 /* Score.h */ = {isa = PBXFileReference; fileEncoding = 4; lastKnownFileType = sourcecode.c.h; path = Score.h; sourceTree = "<group>"; };
		6FAFADB61525A95800EA78F4 /* Score.m */ = {isa = PBXFileReference; fileEncoding = 4; lastKnownFileType = sourcecode.c.objc; path = Score.m; sourceTree = "<group>"; };
		6FAFADBE1525AE1500EA78F4 /* LearningChineseHighScoreViewController.h */ = {isa = PBXFileReference; fileEncoding = 4; lastKnownFileType = sourcecode.c.h; path = LearningChineseHighScoreViewController.h; sourceTree = "<group>"; };
		6FAFADBF1525AE1500EA78F4 /* LearningChineseHighScoreViewController.m */ = {isa = PBXFileReference; fileEncoding = 4; lastKnownFileType = sourcecode.c.objc; path = LearningChineseHighScoreViewController.m; sourceTree = "<group>"; };
		6FAFADC11525AED900EA78F4 /* trophy.png */ = {isa = PBXFileReference; lastKnownFileType = image.png; path = trophy.png; sourceTree = "<group>"; };
		6FAFADC31525AF5500EA78F4 /* chineseBook.png */ = {isa = PBXFileReference; lastKnownFileType = image.png; path = chineseBook.png; sourceTree = "<group>"; };
		6FAFADC51525E8F100EA78F4 /* GameTwowrite.png */ = {isa = PBXFileReference; lastKnownFileType = image.png; path = GameTwowrite.png; sourceTree = "<group>"; };
		6FAFADCD1525EC5800EA78F4 /* gameOneReco.png */ = {isa = PBXFileReference; lastKnownFileType = image.png; path = gameOneReco.png; sourceTree = "<group>"; };
		6FAFADCF1525EE7B00EA78F4 /* gameThreeDrag.png */ = {isa = PBXFileReference; lastKnownFileType = image.png; path = gameThreeDrag.png; sourceTree = "<group>"; };
		6FD35AEC1525FB9F001BA536 /* gradientBackground.png */ = {isa = PBXFileReference; lastKnownFileType = image.png; path = gradientBackground.png; sourceTree = "<group>"; };
		6FD35AEF1525FE59001BA536 /* bottomRow.png */ = {isa = PBXFileReference; lastKnownFileType = image.png; path = bottomRow.png; sourceTree = "<group>"; };
		6FD35AF11525FE63001BA536 /* topAndBottomRow.png */ = {isa = PBXFileReference; lastKnownFileType = image.png; path = topAndBottomRow.png; sourceTree = "<group>"; };
		6FD35AF71526004A001BA536 /* bottomRowSelected.png */ = {isa = PBXFileReference; lastKnownFileType = image.png; path = bottomRowSelected.png; sourceTree = "<group>"; };
		6FD35AFA15260050001BA536 /* middleRowSelected.png */ = {isa = PBXFileReference; lastKnownFileType = image.png; path = middleRowSelected.png; sourceTree = "<group>"; };
		6FD35AFC15260055001BA536 /* middleRow.png */ = {isa = PBXFileReference; lastKnownFileType = image.png; path = middleRow.png; sourceTree = "<group>"; };
		6FD35AFE1526005A001BA536 /* topRow.png */ = {isa = PBXFileReference; lastKnownFileType = image.png; path = topRow.png; sourceTree = "<group>"; };
		6FD35B001526005F001BA536 /* topRowSelected.png */ = {isa = PBXFileReference; lastKnownFileType = image.png; path = topRowSelected.png; sourceTree = "<group>"; };
		6FD35B0215260066001BA536 /* imageB.png */ = {isa = PBXFileReference; lastKnownFileType = image.png; path = imageB.png; sourceTree = "<group>"; };
		6FD35B0415260070001BA536 /* topAndBottomRowSelected.png */ = {isa = PBXFileReference; lastKnownFileType = image.png; path = topAndBottomRowSelected.png; sourceTree = "<group>"; };
		6FD35B061526007F001BA536 /* indicator.png */ = {isa = PBXFileReference; lastKnownFileType = image.png; path = indicator.png; sourceTree = "<group>"; };
		6FD35B0C152608CD001BA536 /* User.h */ = {isa = PBXFileReference; fileEncoding = 4; lastKnownFileType = sourcecode.c.h; path = User.h; sourceTree = "<group>"; };
		6FD35B0D152608CD001BA536 /* User.m */ = {isa = PBXFileReference; fileEncoding = 4; lastKnownFileType = sourcecode.c.objc; path = User.m; sourceTree = "<group>"; };
		6FDFAC641522E2800065E70F /* LearningChineseDatabaseViewController.h */ = {isa = PBXFileReference; fileEncoding = 4; lastKnownFileType = sourcecode.c.h; path = LearningChineseDatabaseViewController.h; sourceTree = "<group>"; };
		6FDFAC651522E2800065E70F /* LearningChineseDatabaseViewController.m */ = {isa = PBXFileReference; fileEncoding = 4; lastKnownFileType = sourcecode.c.objc; path = LearningChineseDatabaseViewController.m; sourceTree = "<group>"; };
		6FDFAC6C1522EA770065E70F /* CoreData.framework */ = {isa = PBXFileReference; lastKnownFileType = wrapper.framework; name = CoreData.framework; path = System/Library/Frameworks/CoreData.framework; sourceTree = SDKROOT; };
		6FDFAC6E1522EFCA0065E70F /* LearningChineseAddWordToDatabaseViewController.h */ = {isa = PBXFileReference; fileEncoding = 4; lastKnownFileType = sourcecode.c.h; path = LearningChineseAddWordToDatabaseViewController.h; sourceTree = "<group>"; };
		6FDFAC6F1522EFCA0065E70F /* LearningChineseAddWordToDatabaseViewController.m */ = {isa = PBXFileReference; fileEncoding = 4; lastKnownFileType = sourcecode.c.objc; path = LearningChineseAddWordToDatabaseViewController.m; sourceTree = "<group>"; };
		6FDFACAB152303D20065E70F /* Model.xcdatamodel */ = {isa = PBXFileReference; lastKnownFileType = wrapper.xcdatamodel; path = Model.xcdatamodel; sourceTree = "<group>"; };
		6FDFACAD152305A10065E70F /* Word.h */ = {isa = PBXFileReference; fileEncoding = 4; lastKnownFileType = sourcecode.c.h; path = Word.h; sourceTree = "<group>"; };
		6FDFACAE152305A10065E70F /* Word.m */ = {isa = PBXFileReference; fileEncoding = 4; lastKnownFileType = sourcecode.c.objc; path = Word.m; sourceTree = "<group>"; };
		6FF88E93151C547300834B91 /* iLearnChinese.app */ = {isa = PBXFileReference; explicitFileType = wrapper.application; includeInIndex = 0; path = iLearnChinese.app; sourceTree = BUILT_PRODUCTS_DIR; };
		6FF88E97151C547300834B91 /* UIKit.framework */ = {isa = PBXFileReference; lastKnownFileType = wrapper.framework; name = UIKit.framework; path = System/Library/Frameworks/UIKit.framework; sourceTree = SDKROOT; };
		6FF88E99151C547300834B91 /* Foundation.framework */ = {isa = PBXFileReference; lastKnownFileType = wrapper.framework; name = Foundation.framework; path = System/Library/Frameworks/Foundation.framework; sourceTree = SDKROOT; };
		6FF88E9B151C547300834B91 /* CoreGraphics.framework */ = {isa = PBXFileReference; lastKnownFileType = wrapper.framework; name = CoreGraphics.framework; path = System/Library/Frameworks/CoreGraphics.framework; sourceTree = SDKROOT; };
		6FF88E9F151C547300834B91 /* iLearnChinese-Info.plist */ = {isa = PBXFileReference; lastKnownFileType = text.plist.xml; path = "iLearnChinese-Info.plist"; sourceTree = "<group>"; };
		6FF88EA1151C547300834B91 /* en */ = {isa = PBXFileReference; lastKnownFileType = text.plist.strings; name = en; path = en.lproj/InfoPlist.strings; sourceTree = "<group>"; };
		6FF88EA3151C547300834B91 /* main.m */ = {isa = PBXFileReference; lastKnownFileType = sourcecode.c.objc; path = main.m; sourceTree = "<group>"; };
		6FF88EA5151C547300834B91 /* iLearnChinese-Prefix.pch */ = {isa = PBXFileReference; lastKnownFileType = sourcecode.c.h; path = "iLearnChinese-Prefix.pch"; sourceTree = "<group>"; };
		6FF88EA6151C547300834B91 /* LearningChineseAppDelegate.h */ = {isa = PBXFileReference; lastKnownFileType = sourcecode.c.h; path = LearningChineseAppDelegate.h; sourceTree = "<group>"; };
		6FF88EA7151C547300834B91 /* LearningChineseAppDelegate.m */ = {isa = PBXFileReference; lastKnownFileType = sourcecode.c.objc; path = LearningChineseAppDelegate.m; sourceTree = "<group>"; };
		6FF88EAA151C547300834B91 /* en */ = {isa = PBXFileReference; lastKnownFileType = file.storyboard; name = en; path = en.lproj/MainStoryboard.storyboard; sourceTree = "<group>"; };
		6FF88EAC151C547300834B91 /* LearningChineseViewController.h */ = {isa = PBXFileReference; lastKnownFileType = sourcecode.c.h; path = LearningChineseViewController.h; sourceTree = "<group>"; };
		6FF88EAD151C547300834B91 /* LearningChineseViewController.m */ = {isa = PBXFileReference; lastKnownFileType = sourcecode.c.objc; path = LearningChineseViewController.m; sourceTree = "<group>"; };
		6FF88EB4151C551800834B91 /* LearningChineseGameOneViewController.h */ = {isa = PBXFileReference; fileEncoding = 4; lastKnownFileType = sourcecode.c.h; path = LearningChineseGameOneViewController.h; sourceTree = "<group>"; };
		6FF88EB5151C551800834B91 /* LearningChineseGameOneViewController.m */ = {isa = PBXFileReference; fileEncoding = 4; lastKnownFileType = sourcecode.c.objc; path = LearningChineseGameOneViewController.m; sourceTree = "<group>"; };
		6FF88EB7151C552700834B91 /* LearningChineseGameTwoViewController.h */ = {isa = PBXFileReference; fileEncoding = 4; lastKnownFileType = sourcecode.c.h; path = LearningChineseGameTwoViewController.h; sourceTree = "<group>"; };
		6FF88EB8151C552700834B91 /* LearningChineseGameTwoViewController.m */ = {isa = PBXFileReference; fileEncoding = 4; lastKnownFileType = sourcecode.c.objc; path = LearningChineseGameTwoViewController.m; sourceTree = "<group>"; };
		6FFB47C61524AFEE00798148 /* LearningChineseGameThreeViewController.h */ = {isa = PBXFileReference; fileEncoding = 4; lastKnownFileType = sourcecode.c.h; path = LearningChineseGameThreeViewController.h; sourceTree = "<group>"; };
		6FFB47C71524AFEE00798148 /* LearningChineseGameThreeViewController.m */ = {isa = PBXFileReference; fileEncoding = 4; lastKnownFileType = sourcecode.c.objc; path = LearningChineseGameThreeViewController.m; sourceTree = "<group>"; };
		6FFB47C91524C78000798148 /* WordManager.sqlite */ = {isa = PBXFileReference; lastKnownFileType = file; path = WordManager.sqlite; sourceTree = "<group>"; };
		6FFF873015240CD70039B1BB /* LearningChineseWordDetailViewController.h */ = {isa = PBXFileReference; fileEncoding = 4; lastKnownFileType = sourcecode.c.h; path = LearningChineseWordDetailViewController.h; sourceTree = "<group>"; };
		6FFF873115240CD70039B1BB /* LearningChineseWordDetailViewController.m */ = {isa = PBXFileReference; fileEncoding = 4; lastKnownFileType = sourcecode.c.objc; path = LearningChineseWordDetailViewController.m; sourceTree = "<group>"; };
		9D13EAA4152465C000B4BB5B /* Default@2x.png */ = {isa = PBXFileReference; lastKnownFileType = image.png; name = "Default@2x.png"; path = "../Default@2x.png"; sourceTree = "<group>"; };
		9D13EAA71524681800B4BB5B /* ilearnChinese_icon.png */ = {isa = PBXFileReference; lastKnownFileType = image.png; name = ilearnChinese_icon.png; path = ../ilearnChinese_icon.png; sourceTree = "<group>"; };
		9D5765931526E51800B6360C /* background_game3.png */ = {isa = PBXFileReference; lastKnownFileType = image.png; path = background_game3.png; sourceTree = "<group>"; };
		9DAE99921525A77B00F9DA98 /* Background@2x.png */ = {isa = PBXFileReference; lastKnownFileType = image.png; path = "Background@2x.png"; sourceTree = "<group>"; };
		9DAE99991525A95000F9DA98 /* Background.png */ = {isa = PBXFileReference; lastKnownFileType = image.png; path = Background.png; sourceTree = "<group>"; };
		9DF934D815262D1D00F2FEC7 /* meaning.png */ = {isa = PBXFileReference; lastKnownFileType = image.png; path = meaning.png; sourceTree = "<group>"; };
		9DF934E015263F5900F2FEC7 /* draw.png */ = {isa = PBXFileReference; lastKnownFileType = image.png; path = draw.png; sourceTree = "<group>"; };
/* End PBXFileReference section */

/* Begin PBXFrameworksBuildPhase section */
		6FF88E90151C547300834B91 /* Frameworks */ = {
			isa = PBXFrameworksBuildPhase;
			buildActionMask = 2147483647;
			files = (
				6FDFAC6D1522EA770065E70F /* CoreData.framework in Frameworks */,
				6FF88E98151C547300834B91 /* UIKit.framework in Frameworks */,
				6FF88E9A151C547300834B91 /* Foundation.framework in Frameworks */,
				6FF88E9C151C547300834B91 /* CoreGraphics.framework in Frameworks */,
			);
			runOnlyForDeploymentPostprocessing = 0;
		};
/* End PBXFrameworksBuildPhase section */

/* Begin PBXGroup section */
		24B05ADF15258FBF0085F649 /* GameThreeList */ = {
			isa = PBXGroup;
			children = (
				24B05AE7152590D70085F649 /* LearningChineseLetter.h */,
				24B05AE8152590D70085F649 /* LearningChineseLetter.m */,
				24B05AE9152590D70085F649 /* LearningChineseLettersList.h */,
				24B05AEA152590D70085F649 /* LearningChineseLettersList.m */,
			);
			name = GameThreeList;
			sourceTree = "<group>";
		};
		6F169C5415245A860059002A /* Games */ = {
			isa = PBXGroup;
			children = (
				6F3AABD615344E2E005E83EC /* LearningChineseGameFourViewController.h */,
				6F3AABD715344E2E005E83EC /* LearningChineseGameFourViewController.m */,
				24B05ADF15258FBF0085F649 /* GameThreeList */,
				6FF88EB4151C551800834B91 /* LearningChineseGameOneViewController.h */,
				6FF88EB5151C551800834B91 /* LearningChineseGameOneViewController.m */,
				6FF88EB7151C552700834B91 /* LearningChineseGameTwoViewController.h */,
				6FF88EB8151C552700834B91 /* LearningChineseGameTwoViewController.m */,
				6FFB47C61524AFEE00798148 /* LearningChineseGameThreeViewController.h */,
				6FFB47C71524AFEE00798148 /* LearningChineseGameThreeViewController.m */,
			);
			name = Games;
			sourceTree = "<group>";
		};
		6FAFADBC1525ADF800EA78F4 /* HighScore */ = {
			isa = PBXGroup;
			children = (
				6FAFADBE1525AE1500EA78F4 /* LearningChineseHighScoreViewController.h */,
				6FAFADBF1525AE1500EA78F4 /* LearningChineseHighScoreViewController.m */,
			);
			name = HighScore;
			sourceTree = "<group>";
		};
		6FD35AEA1525FA6B001BA536 /* MainViewImages */ = {
			isa = PBXGroup;
			children = (
				9DAE99991525A95000F9DA98 /* Background.png */,
				9DAE99921525A77B00F9DA98 /* Background@2x.png */,
				6FAFADCF1525EE7B00EA78F4 /* gameThreeDrag.png */,
				9DF934D815262D1D00F2FEC7 /* meaning.png */,
				6F3AABD015344D75005E83EC /* gameFourFlash.png */,
				9D5765931526E51800B6360C /* background_game3.png */,
				9DF934E015263F5900F2FEC7 /* draw.png */,
				6FAFADC51525E8F100EA78F4 /* GameTwowrite.png */,
				6FAFADCD1525EC5800EA78F4 /* gameOneReco.png */,
				6FAFADC31525AF5500EA78F4 /* chineseBook.png */,
				6FAFADC11525AED900EA78F4 /* trophy.png */,
			);
			name = MainViewImages;
			sourceTree = "<group>";
		};
		6FD35AEE1525FBA5001BA536 /* TableView */ = {
			isa = PBXGroup;
			children = (
				6FD35B061526007F001BA536 /* indicator.png */,
				6FD35B0415260070001BA536 /* topAndBottomRowSelected.png */,
				6FD35B0215260066001BA536 /* imageB.png */,
				6FD35B001526005F001BA536 /* topRowSelected.png */,
				6FD35AFE1526005A001BA536 /* topRow.png */,
				6FD35AFC15260055001BA536 /* middleRow.png */,
				6FD35AFA15260050001BA536 /* middleRowSelected.png */,
				6FD35AF71526004A001BA536 /* bottomRowSelected.png */,
				6FD35AF11525FE63001BA536 /* topAndBottomRow.png */,
				6FD35AEF1525FE59001BA536 /* bottomRow.png */,
				6FD35AEC1525FB9F001BA536 /* gradientBackground.png */,
			);
			name = TableView;
			sourceTree = "<group>";
		};
		6FDFAC711522EFD30065E70F /* DB */ = {
			isa = PBXGroup;
			children = (
				6FDFAC641522E2800065E70F /* LearningChineseDatabaseViewController.h */,
				6FDFAC651522E2800065E70F /* LearningChineseDatabaseViewController.m */,
				6FDFAC6E1522EFCA0065E70F /* LearningChineseAddWordToDatabaseViewController.h */,
				6FDFAC6F1522EFCA0065E70F /* LearningChineseAddWordToDatabaseViewController.m */,
				6FFF873015240CD70039B1BB /* LearningChineseWordDetailViewController.h */,
				6FFF873115240CD70039B1BB /* LearningChineseWordDetailViewController.m */,
			);
			name = DB;
			sourceTree = "<group>";
		};
		6FDFACA6152300180065E70F /* Controller */ = {
			isa = PBXGroup;
			children = (
				6FDFACA71523001F0065E70F /* DB */,
			);
			name = Controller;
			sourceTree = "<group>";
		};
		6FDFACA71523001F0065E70F /* DB */ = {
			isa = PBXGroup;
			children = (
				6F9E408615237BEF00DACAD3 /* CoreDataTableViewController.h */,
				6F9E408715237BEF00DACAD3 /* CoreDataTableViewController.m */,
				6FDFACAA152303D20065E70F /* Model.xcdatamodeld */,
				6FD35B0C152608CD001BA536 /* User.h */,
				6FD35B0D152608CD001BA536 /* User.m */,
				6FAFADB51525A95800EA78F4 /* Score.h */,
				6FAFADB61525A95800EA78F4 /* Score.m */,
				6FDFACAD152305A10065E70F /* Word.h */,
				6FDFACAE152305A10065E70F /* Word.m */,
			);
			name = DB;
			sourceTree = "<group>";
		};
		6FF88E88151C547200834B91 = {
			isa = PBXGroup;
			children = (
				6FF88E9D151C547300834B91 /* iLearnChinese */,
				6FF88E96151C547300834B91 /* Frameworks */,
				6FF88E94151C547300834B91 /* Products */,
			);
			sourceTree = "<group>";
		};
		6FF88E94151C547300834B91 /* Products */ = {
			isa = PBXGroup;
			children = (
				6FF88E93151C547300834B91 /* iLearnChinese.app */,
			);
			name = Products;
			sourceTree = "<group>";
		};
		6FF88E96151C547300834B91 /* Frameworks */ = {
			isa = PBXGroup;
			children = (
				6FDFAC6C1522EA770065E70F /* CoreData.framework */,
				6FF88E97151C547300834B91 /* UIKit.framework */,
				6FF88E99151C547300834B91 /* Foundation.framework */,
				6FF88E9B151C547300834B91 /* CoreGraphics.framework */,
			);
			name = Frameworks;
			sourceTree = "<group>";
		};
		6FF88E9D151C547300834B91 /* iLearnChinese */ = {
			isa = PBXGroup;
			children = (
				6FDFACA6152300180065E70F /* Controller */,
				6FF88EBB151C567500834B91 /* Ressources */,
				6FF88EBA151C565800834B91 /* GUI */,
				6FF88EA6151C547300834B91 /* LearningChineseAppDelegate.h */,
				6FF88EA7151C547300834B91 /* LearningChineseAppDelegate.m */,
				6FF88EA9151C547300834B91 /* MainStoryboard.storyboard */,
				6FF88EAC151C547300834B91 /* LearningChineseViewController.h */,
				6FF88EAD151C547300834B91 /* LearningChineseViewController.m */,
				6FF88E9E151C547300834B91 /* Supporting Files */,
			);
			path = iLearnChinese;
			sourceTree = "<group>";
		};
		6FF88E9E151C547300834B91 /* Supporting Files */ = {
			isa = PBXGroup;
			children = (
				6FF88E9F151C547300834B91 /* iLearnChinese-Info.plist */,
				6FF88EA0151C547300834B91 /* InfoPlist.strings */,
				6FF88EA3151C547300834B91 /* main.m */,
				6FF88EA5151C547300834B91 /* iLearnChinese-Prefix.pch */,
			);
			name = "Supporting Files";
			sourceTree = "<group>";
		};
		6FF88EBA151C565800834B91 /* GUI */ = {
			isa = PBXGroup;
			children = (
				6FAFADBC1525ADF800EA78F4 /* HighScore */,
				6F169C5415245A860059002A /* Games */,
				6FDFAC711522EFD30065E70F /* DB */,
			);
			name = GUI;
			sourceTree = "<group>";
		};
		6FF88EBB151C567500834B91 /* Ressources */ = {
			isa = PBXGroup;
			children = (
				6FD35AEE1525FBA5001BA536 /* TableView */,
				6FD35AEA1525FA6B001BA536 /* MainViewImages */,
				9D13EAA71524681800B4BB5B /* ilearnChinese_icon.png */,
				9D13EAA4152465C000B4BB5B /* Default@2x.png */,
				6FFB47C91524C78000798148 /* WordManager.sqlite */,
			);
			name = Ressources;
			sourceTree = "<group>";
		};
/* End PBXGroup section */

/* Begin PBXNativeTarget section */
		6FF88E92151C547300834B91 /* iLearnChinese */ = {
			isa = PBXNativeTarget;
			buildConfigurationList = 6FF88EB1151C547300834B91 /* Build configuration list for PBXNativeTarget "iLearnChinese" */;
			buildPhases = (
				6FF88E8F151C547300834B91 /* Sources */,
				6FF88E90151C547300834B91 /* Frameworks */,
				6FF88E91151C547300834B91 /* Resources */,
			);
			buildRules = (
			);
			dependencies = (
			);
			name = iLearnChinese;
			productName = iLearnChinese;
			productReference = 6FF88E93151C547300834B91 /* iLearnChinese.app */;
			productType = "com.apple.product-type.application";
		};
/* End PBXNativeTarget section */

/* Begin PBXProject section */
		6FF88E8A151C547200834B91 /* Project object */ = {
			isa = PBXProject;
			attributes = {
				CLASSPREFIX = LearningChinese;
				LastUpgradeCheck = 0430;
			};
			buildConfigurationList = 6FF88E8D151C547200834B91 /* Build configuration list for PBXProject "iLearnChinese" */;
			compatibilityVersion = "Xcode 3.2";
			developmentRegion = English;
			hasScannedForEncodings = 0;
			knownRegions = (
				en,
			);
			mainGroup = 6FF88E88151C547200834B91;
			productRefGroup = 6FF88E94151C547300834B91 /* Products */;
			projectDirPath = "";
			projectRoot = "";
			targets = (
				6FF88E92151C547300834B91 /* iLearnChinese */,
			);
		};
/* End PBXProject section */

/* Begin PBXResourcesBuildPhase section */
		6FF88E91151C547300834B91 /* Resources */ = {
			isa = PBXResourcesBuildPhase;
			buildActionMask = 2147483647;
			files = (
				6FF88EA2151C547300834B91 /* InfoPlist.strings in Resources */,
				6FF88EAB151C547300834B91 /* MainStoryboard.storyboard in Resources */,
				9D13EAA5152465C000B4BB5B /* Default@2x.png in Resources */,
				9D13EAA81524681800B4BB5B /* ilearnChinese_icon.png in Resources */,
				9DAE99931525A77B00F9DA98 /* Background@2x.png in Resources */,
				9DAE999A1525A95000F9DA98 /* Background.png in Resources */,
				6FAFADC21525AED900EA78F4 /* trophy.png in Resources */,
				6FAFADC41525AF5500EA78F4 /* chineseBook.png in Resources */,
				6FAFADC61525E8F100EA78F4 /* GameTwowrite.png in Resources */,
				6FAFADCE1525EC5800EA78F4 /* gameOneReco.png in Resources */,
				6FAFADD01525EE7B00EA78F4 /* gameThreeDrag.png in Resources */,
				6FD35AED1525FB9F001BA536 /* gradientBackground.png in Resources */,
				6FD35AF01525FE59001BA536 /* bottomRow.png in Resources */,
				6FD35AF21525FE63001BA536 /* topAndBottomRow.png in Resources */,
				6FD35AF81526004A001BA536 /* bottomRowSelected.png in Resources */,
				6FD35AFB15260050001BA536 /* middleRowSelected.png in Resources */,
				6FD35AFD15260055001BA536 /* middleRow.png in Resources */,
				6FD35AFF1526005A001BA536 /* topRow.png in Resources */,
				6FD35B011526005F001BA536 /* topRowSelected.png in Resources */,
				6FD35B0315260066001BA536 /* imageB.png in Resources */,
				6FD35B0515260070001BA536 /* topAndBottomRowSelected.png in Resources */,
				6FD35B071526007F001BA536 /* indicator.png in Resources */,
				9DF934D915262D1D00F2FEC7 /* meaning.png in Resources */,
				9DF934E115263F5900F2FEC7 /* draw.png in Resources */,
				9D5765941526E51800B6360C /* background_game3.png in Resources */,
				6F3AABD115344D75005E83EC /* gameFourFlash.png in Resources */,
			);
			runOnlyForDeploymentPostprocessing = 0;
		};
/* End PBXResourcesBuildPhase section */

/* Begin PBXSourcesBuildPhase section */
		6FF88E8F151C547300834B91 /* Sources */ = {
			isa = PBXSourcesBuildPhase;
			buildActionMask = 2147483647;
			files = (
				6F9E408D15237F4200DACAD3 /* CoreDataTableViewController.m in Sources */,
				6FF88EA4151C547300834B91 /* main.m in Sources */,
				6FF88EA8151C547300834B91 /* LearningChineseAppDelegate.m in Sources */,
				6FF88EAE151C547300834B91 /* LearningChineseViewController.m in Sources */,
				6FF88EB6151C551800834B91 /* LearningChineseGameOneViewController.m in Sources */,
				6FF88EB9151C552700834B91 /* LearningChineseGameTwoViewController.m in Sources */,
				6FDFAC661522E2800065E70F /* LearningChineseDatabaseViewController.m in Sources */,
				6FDFAC701522EFCA0065E70F /* LearningChineseAddWordToDatabaseViewController.m in Sources */,
				6FDFACAC152303D20065E70F /* Model.xcdatamodeld in Sources */,
				6FDFACAF152305A10065E70F /* Word.m in Sources */,
				6FFF873215240CD70039B1BB /* LearningChineseWordDetailViewController.m in Sources */,
				6FFB47C81524AFEE00798148 /* LearningChineseGameThreeViewController.m in Sources */,
				24B05AEB152590D70085F649 /* LearningChineseLetter.m in Sources */,
				24B05AEC152590D70085F649 /* LearningChineseLettersList.m in Sources */,
				6FAFADB71525A95800EA78F4 /* Score.m in Sources */,
				6FAFADC01525AE1500EA78F4 /* LearningChineseHighScoreViewController.m in Sources */,
				6FD35B0E152608CD001BA536 /* User.m in Sources */,
				6F3AABD815344E2E005E83EC /* LearningChineseGameFourViewController.m in Sources */,
			);
			runOnlyForDeploymentPostprocessing = 0;
		};
/* End PBXSourcesBuildPhase section */

/* Begin PBXVariantGroup section */
		6FF88EA0151C547300834B91 /* InfoPlist.strings */ = {
			isa = PBXVariantGroup;
			children = (
				6FF88EA1151C547300834B91 /* en */,
			);
			name = InfoPlist.strings;
			sourceTree = "<group>";
		};
		6FF88EA9151C547300834B91 /* MainStoryboard.storyboard */ = {
			isa = PBXVariantGroup;
			children = (
				6FF88EAA151C547300834B91 /* en */,
			);
			name = MainStoryboard.storyboard;
			sourceTree = "<group>";
		};
/* End PBXVariantGroup section */

/* Begin XCBuildConfiguration section */
		6FF88EAF151C547300834B91 /* Debug */ = {
			isa = XCBuildConfiguration;
			buildSettings = {
				ALWAYS_SEARCH_USER_PATHS = NO;
				ARCHS = "$(ARCHS_STANDARD_32_BIT)";
				CLANG_ENABLE_OBJC_ARC = YES;
				"CODE_SIGN_IDENTITY[sdk=iphoneos*]" = "iPhone Developer";
				COPY_PHASE_STRIP = NO;
				GCC_C_LANGUAGE_STANDARD = gnu99;
				GCC_DYNAMIC_NO_PIC = NO;
				GCC_OPTIMIZATION_LEVEL = 0;
				GCC_PREPROCESSOR_DEFINITIONS = (
					"DEBUG=1",
					"$(inherited)",
				);
				GCC_SYMBOLS_PRIVATE_EXTERN = NO;
				GCC_VERSION = com.apple.compilers.llvm.clang.1_0;
				GCC_WARN_ABOUT_RETURN_TYPE = YES;
				GCC_WARN_UNINITIALIZED_AUTOS = YES;
				GCC_WARN_UNUSED_VARIABLE = YES;
				IPHONEOS_DEPLOYMENT_TARGET = 5.1;
				SDKROOT = iphoneos;
			};
			name = Debug;
		};
		6FF88EB0151C547300834B91 /* Release */ = {
			isa = XCBuildConfiguration;
			buildSettings = {
				ALWAYS_SEARCH_USER_PATHS = NO;
				ARCHS = "$(ARCHS_STANDARD_32_BIT)";
				CLANG_ENABLE_OBJC_ARC = YES;
				"CODE_SIGN_IDENTITY[sdk=iphoneos*]" = "iPhone Developer";
				COPY_PHASE_STRIP = YES;
				GCC_C_LANGUAGE_STANDARD = gnu99;
				GCC_VERSION = com.apple.compilers.llvm.clang.1_0;
				GCC_WARN_ABOUT_RETURN_TYPE = YES;
				GCC_WARN_UNINITIALIZED_AUTOS = YES;
				GCC_WARN_UNUSED_VARIABLE = YES;
				IPHONEOS_DEPLOYMENT_TARGET = 5.1;
				OTHER_CFLAGS = "-DNS_BLOCK_ASSERTIONS=1";
				SDKROOT = iphoneos;
				VALIDATE_PRODUCT = YES;
			};
			name = Release;
		};
		6FF88EB2151C547300834B91 /* Debug */ = {
			isa = XCBuildConfiguration;
			buildSettings = {
				GCC_PRECOMPILE_PREFIX_HEADER = YES;
				GCC_PREFIX_HEADER = "iLearnChinese/iLearnChinese-Prefix.pch";
				INFOPLIST_FILE = "iLearnChinese/iLearnChinese-Info.plist";
				IPHONEOS_DEPLOYMENT_TARGET = 5.0;
				PRODUCT_NAME = "$(TARGET_NAME)";
				TARGETED_DEVICE_FAMILY = 1;
				WRAPPER_EXTENSION = app;
			};
			name = Debug;
		};
		6FF88EB3151C547300834B91 /* Release */ = {
			isa = XCBuildConfiguration;
			buildSettings = {
				GCC_PRECOMPILE_PREFIX_HEADER = YES;
				GCC_PREFIX_HEADER = "iLearnChinese/iLearnChinese-Prefix.pch";
				INFOPLIST_FILE = "iLearnChinese/iLearnChinese-Info.plist";
				IPHONEOS_DEPLOYMENT_TARGET = 5.0;
				PRODUCT_NAME = "$(TARGET_NAME)";
				TARGETED_DEVICE_FAMILY = 1;
				WRAPPER_EXTENSION = app;
			};
			name = Release;
		};
/* End XCBuildConfiguration section */

/* Begin XCConfigurationList section */
		6FF88E8D151C547200834B91 /* Build configuration list for PBXProject "iLearnChinese" */ = {
			isa = XCConfigurationList;
			buildConfigurations = (
				6FF88EAF151C547300834B91 /* Debug */,
				6FF88EB0151C547300834B91 /* Release */,
			);
			defaultConfigurationIsVisible = 0;
			defaultConfigurationName = Release;
		};
		6FF88EB1151C547300834B91 /* Build configuration list for PBXNativeTarget "iLearnChinese" */ = {
			isa = XCConfigurationList;
			buildConfigurations = (
				6FF88EB2151C547300834B91 /* Debug */,
				6FF88EB3151C547300834B91 /* Release */,
			);
			defaultConfigurationIsVisible = 0;
			defaultConfigurationName = Release;
		};
/* End XCConfigurationList section */

/* Begin XCVersionGroup section */
		6FDFACAA152303D20065E70F /* Model.xcdatamodeld */ = {
			isa = XCVersionGroup;
			children = (
				6FDFACAB152303D20065E70F /* Model.xcdatamodel */,
			);
			currentVersion = 6FDFACAB152303D20065E70F /* Model.xcdatamodel */;
			path = Model.xcdatamodeld;
			sourceTree = "<group>";
			versionGroupType = wrapper.xcdatamodel;
		};
/* End XCVersionGroup section */
	};
	rootObject = 6FF88E8A151C547200834B91 /* Project object */;
}
