// !$*UTF8*$!
{
	archiveVersion = 1;
	classes = {
	};
	objectVersion = 46;
	objects = {

/* Begin PBXBuildFile section */
		9D95C72F151C671D00C1AC1D /* UIKit.framework in Frameworks */ = {isa = PBXBuildFile; fileRef = 9D95C72E151C671D00C1AC1D /* UIKit.framework */; };
		9D95C731151C671D00C1AC1D /* Foundation.framework in Frameworks */ = {isa = PBXBuildFile; fileRef = 9D95C730151C671D00C1AC1D /* Foundation.framework */; };
		9D95C733151C671D00C1AC1D /* CoreGraphics.framework in Frameworks */ = {isa = PBXBuildFile; fileRef = 9D95C732151C671D00C1AC1D /* CoreGraphics.framework */; };
		9D95C739151C671D00C1AC1D /* InfoPlist.strings in Resources */ = {isa = PBXBuildFile; fileRef = 9D95C737151C671D00C1AC1D /* InfoPlist.strings */; };
		9D95C73B151C671D00C1AC1D /* main.m in Sources */ = {isa = PBXBuildFile; fileRef = 9D95C73A151C671D00C1AC1D /* main.m */; };
		9D95C73F151C671D00C1AC1D /* AppDelegate.m in Sources */ = {isa = PBXBuildFile; fileRef = 9D95C73E151C671D00C1AC1D /* AppDelegate.m */; };
		9D95C742151C671D00C1AC1D /* MainStoryboard_iPhone.storyboard in Resources */ = {isa = PBXBuildFile; fileRef = 9D95C740151C671D00C1AC1D /* MainStoryboard_iPhone.storyboard */; };
		9D95C745151C671D00C1AC1D /* MainStoryboard_iPad.storyboard in Resources */ = {isa = PBXBuildFile; fileRef = 9D95C743151C671D00C1AC1D /* MainStoryboard_iPad.storyboard */; };
		9D95C748151C671D00C1AC1D /* ViewController.m in Sources */ = {isa = PBXBuildFile; fileRef = 9D95C747151C671D00C1AC1D /* ViewController.m */; };
		9D95C750151C671D00C1AC1D /* SenTestingKit.framework in Frameworks */ = {isa = PBXBuildFile; fileRef = 9D95C74F151C671D00C1AC1D /* SenTestingKit.framework */; };
		9D95C751151C671D00C1AC1D /* UIKit.framework in Frameworks */ = {isa = PBXBuildFile; fileRef = 9D95C72E151C671D00C1AC1D /* UIKit.framework */; };
		9D95C752151C671D00C1AC1D /* Foundation.framework in Frameworks */ = {isa = PBXBuildFile; fileRef = 9D95C730151C671D00C1AC1D /* Foundation.framework */; };
		9D95C75A151C671D00C1AC1D /* InfoPlist.strings in Resources */ = {isa = PBXBuildFile; fileRef = 9D95C758151C671D00C1AC1D /* InfoPlist.strings */; };
		9D95C75D151C671D00C1AC1D /* iLearnChineseTests.m in Sources */ = {isa = PBXBuildFile; fileRef = 9D95C75C151C671D00C1AC1D /* iLearnChineseTests.m */; };
/* End PBXBuildFile section */

/* Begin PBXContainerItemProxy section */
		9D95C753151C671D00C1AC1D /* PBXContainerItemProxy */ = {
			isa = PBXContainerItemProxy;
			containerPortal = 9D95C721151C671D00C1AC1D /* Project object */;
			proxyType = 1;
			remoteGlobalIDString = 9D95C729151C671D00C1AC1D;
			remoteInfo = iLearnChinese;
		};
/* End PBXContainerItemProxy section */

/* Begin PBXFileReference section */
		9D95C72A151C671D00C1AC1D /* iLearnChinese.app */ = {isa = PBXFileReference; explicitFileType = wrapper.application; includeInIndex = 0; path = iLearnChinese.app; sourceTree = BUILT_PRODUCTS_DIR; };
		9D95C72E151C671D00C1AC1D /* UIKit.framework */ = {isa = PBXFileReference; lastKnownFileType = wrapper.framework; name = UIKit.framework; path = System/Library/Frameworks/UIKit.framework; sourceTree = SDKROOT; };
		9D95C730151C671D00C1AC1D /* Foundation.framework */ = {isa = PBXFileReference; lastKnownFileType = wrapper.framework; name = Foundation.framework; path = System/Library/Frameworks/Foundation.framework; sourceTree = SDKROOT; };
		9D95C732151C671D00C1AC1D /* CoreGraphics.framework */ = {isa = PBXFileReference; lastKnownFileType = wrapper.framework; name = CoreGraphics.framework; path = System/Library/Frameworks/CoreGraphics.framework; sourceTree = SDKROOT; };
		9D95C736151C671D00C1AC1D /* iLearnChinese-Info.plist */ = {isa = PBXFileReference; path = "iLearnChinese-Info.plist"; sourceTree = "<group>"; };
		9D95C738151C671D00C1AC1D /* en */ = {isa = PBXFileReference; lastKnownFileType = text.plist.strings; name = en; path = en.lproj/InfoPlist.strings; sourceTree = "<group>"; };
		9D95C73A151C671D00C1AC1D /* main.m */ = {isa = PBXFileReference; lastKnownFileType = sourcecode.c.objc; path = main.m; sourceTree = "<group>"; };
		9D95C73C151C671D00C1AC1D /* iLearnChinese-Prefix.pch */ = {isa = PBXFileReference; path = "iLearnChinese-Prefix.pch"; sourceTree = "<group>"; };
		9D95C73D151C671D00C1AC1D /* AppDelegate.h */ = {isa = PBXFileReference; path = AppDelegate.h; sourceTree = "<group>"; };
		9D95C73E151C671D00C1AC1D /* AppDelegate.m */ = {isa = PBXFileReference; lastKnownFileType = sourcecode.c.objc; path = AppDelegate.m; sourceTree = "<group>"; };
		9D95C741151C671D00C1AC1D /* en */ = {isa = PBXFileReference; lastKnownFileType = file.storyboard; name = en; path = en.lproj/MainStoryboard_iPhone.storyboard; sourceTree = "<group>"; };
		9D95C744151C671D00C1AC1D /* en */ = {isa = PBXFileReference; lastKnownFileType = file.storyboard; name = en; path = en.lproj/MainStoryboard_iPad.storyboard; sourceTree = "<group>"; };
		9D95C746151C671D00C1AC1D /* ViewController.h */ = {isa = PBXFileReference; path = ViewController.h; sourceTree = "<group>"; };
		9D95C747151C671D00C1AC1D /* ViewController.m */ = {isa = PBXFileReference; lastKnownFileType = sourcecode.c.objc; path = ViewController.m; sourceTree = "<group>"; };
		9D95C74E151C671D00C1AC1D /* iLearnChineseTests.octest */ = {isa = PBXFileReference; explicitFileType = wrapper.cfbundle; includeInIndex = 0; path = iLearnChineseTests.octest; sourceTree = BUILT_PRODUCTS_DIR; };
		9D95C74F151C671D00C1AC1D /* SenTestingKit.framework */ = {isa = PBXFileReference; lastKnownFileType = wrapper.framework; name = SenTestingKit.framework; path = Library/Frameworks/SenTestingKit.framework; sourceTree = DEVELOPER_DIR; };
		9D95C757151C671D00C1AC1D /* iLearnChineseTests-Info.plist */ = {isa = PBXFileReference; path = "iLearnChineseTests-Info.plist"; sourceTree = "<group>"; };
		9D95C759151C671D00C1AC1D /* en */ = {isa = PBXFileReference; lastKnownFileType = text.plist.strings; name = en; path = en.lproj/InfoPlist.strings; sourceTree = "<group>"; };
		9D95C75B151C671D00C1AC1D /* iLearnChineseTests.h */ = {isa = PBXFileReference; path = iLearnChineseTests.h; sourceTree = "<group>"; };
		9D95C75C151C671D00C1AC1D /* iLearnChineseTests.m */ = {isa = PBXFileReference; lastKnownFileType = sourcecode.c.objc; path = iLearnChineseTests.m; sourceTree = "<group>"; };
/* End PBXFileReference section */

/* Begin PBXFrameworksBuildPhase section */
		9D95C727151C671D00C1AC1D /* Frameworks */ = {
			isa = PBXFrameworksBuildPhase;
			buildActionMask = 2147483647;
			files = (
				9D95C72F151C671D00C1AC1D /* UIKit.framework in Frameworks */,
				9D95C731151C671D00C1AC1D /* Foundation.framework in Frameworks */,
				9D95C733151C671D00C1AC1D /* CoreGraphics.framework in Frameworks */,
			);
			runOnlyForDeploymentPostprocessing = 0;
		};
		9D95C74A151C671D00C1AC1D /* Frameworks */ = {
			isa = PBXFrameworksBuildPhase;
			buildActionMask = 2147483647;
			files = (
				9D95C750151C671D00C1AC1D /* SenTestingKit.framework in Frameworks */,
				9D95C751151C671D00C1AC1D /* UIKit.framework in Frameworks */,
				9D95C752151C671D00C1AC1D /* Foundation.framework in Frameworks */,
			);
			runOnlyForDeploymentPostprocessing = 0;
		};
/* End PBXFrameworksBuildPhase section */

/* Begin PBXGroup section */
		9D95C71F151C671D00C1AC1D = {
			isa = PBXGroup;
			children = (
				9D95C734151C671D00C1AC1D /* iLearnChinese */,
				9D95C755151C671D00C1AC1D /* iLearnChineseTests */,
				9D95C72D151C671D00C1AC1D /* Frameworks */,
				9D95C72B151C671D00C1AC1D /* Products */,
			);
			sourceTree = "<group>";
		};
		9D95C72B151C671D00C1AC1D /* Products */ = {
			isa = PBXGroup;
			children = (
				9D95C72A151C671D00C1AC1D /* iLearnChinese.app */,
				9D95C74E151C671D00C1AC1D /* iLearnChineseTests.octest */,
			);
			name = Products;
			sourceTree = "<group>";
		};
		9D95C72D151C671D00C1AC1D /* Frameworks */ = {
			isa = PBXGroup;
			children = (
				9D95C72E151C671D00C1AC1D /* UIKit.framework */,
				9D95C730151C671D00C1AC1D /* Foundation.framework */,
				9D95C732151C671D00C1AC1D /* CoreGraphics.framework */,
				9D95C74F151C671D00C1AC1D /* SenTestingKit.framework */,
			);
			name = Frameworks;
			sourceTree = "<group>";
		};
		9D95C734151C671D00C1AC1D /* iLearnChinese */ = {
			isa = PBXGroup;
			children = (
				9D95C73D151C671D00C1AC1D /* AppDelegate.h */,
				9D95C73E151C671D00C1AC1D /* AppDelegate.m */,
				9D95C740151C671D00C1AC1D /* MainStoryboard_iPhone.storyboard */,
				9D95C743151C671D00C1AC1D /* MainStoryboard_iPad.storyboard */,
				9D95C746151C671D00C1AC1D /* ViewController.h */,
				9D95C747151C671D00C1AC1D /* ViewController.m */,
				9D95C735151C671D00C1AC1D /* Supporting Files */,
			);
			path = iLearnChinese;
			sourceTree = "<group>";
		};
		9D95C735151C671D00C1AC1D /* Supporting Files */ = {
			isa = PBXGroup;
			children = (
				9D95C736151C671D00C1AC1D /* iLearnChinese-Info.plist */,
				9D95C737151C671D00C1AC1D /* InfoPlist.strings */,
				9D95C73A151C671D00C1AC1D /* main.m */,
				9D95C73C151C671D00C1AC1D /* iLearnChinese-Prefix.pch */,
			);
			name = "Supporting Files";
			sourceTree = "<group>";
		};
		9D95C755151C671D00C1AC1D /* iLearnChineseTests */ = {
			isa = PBXGroup;
			children = (
				9D95C75B151C671D00C1AC1D /* iLearnChineseTests.h */,
				9D95C75C151C671D00C1AC1D /* iLearnChineseTests.m */,
				9D95C756151C671D00C1AC1D /* Supporting Files */,
			);
			path = iLearnChineseTests;
			sourceTree = "<group>";
		};
		9D95C756151C671D00C1AC1D /* Supporting Files */ = {
			isa = PBXGroup;
			children = (
				9D95C757151C671D00C1AC1D /* iLearnChineseTests-Info.plist */,
				9D95C758151C671D00C1AC1D /* InfoPlist.strings */,
			);
			name = "Supporting Files";
			sourceTree = "<group>";
		};
/* End PBXGroup section */

/* Begin PBXNativeTarget section */
		9D95C729151C671D00C1AC1D /* iLearnChinese */ = {
			isa = PBXNativeTarget;
			buildConfigurationList = 9D95C760151C671D00C1AC1D /* Build configuration list for PBXNativeTarget "iLearnChinese" */;
			buildPhases = (
				9D95C726151C671D00C1AC1D /* Sources */,
				9D95C727151C671D00C1AC1D /* Frameworks */,
				9D95C728151C671D00C1AC1D /* Resources */,
			);
			buildRules = (
			);
			dependencies = (
			);
			name = iLearnChinese;
			productName = iLearnChinese;
			productReference = 9D95C72A151C671D00C1AC1D /* iLearnChinese.app */;
			productType = "com.apple.product-type.application";
		};
		9D95C74D151C671D00C1AC1D /* iLearnChineseTests */ = {
			isa = PBXNativeTarget;
			buildConfigurationList = 9D95C763151C671D00C1AC1D /* Build configuration list for PBXNativeTarget "iLearnChineseTests" */;
			buildPhases = (
				9D95C749151C671D00C1AC1D /* Sources */,
				9D95C74A151C671D00C1AC1D /* Frameworks */,
				9D95C74B151C671D00C1AC1D /* Resources */,
				9D95C74C151C671D00C1AC1D /* ShellScript */,
			);
			buildRules = (
			);
			dependencies = (
				9D95C754151C671D00C1AC1D /* PBXTargetDependency */,
			);
			name = iLearnChineseTests;
			productName = iLearnChineseTests;
			productReference = 9D95C74E151C671D00C1AC1D /* iLearnChineseTests.octest */;
			productType = "com.apple.product-type.bundle";
		};
/* End PBXNativeTarget section */

/* Begin PBXProject section */
		9D95C721151C671D00C1AC1D /* Project object */ = {
			isa = PBXProject;
			attributes = {
				LastUpgradeCheck = 0420;
				ORGANIZATIONNAME = epitech;
			};
			buildConfigurationList = 9D95C724151C671D00C1AC1D /* Build configuration list for PBXProject "iLearnChinese" */;
			compatibilityVersion = "Xcode 3.2";
			developmentRegion = English;
			hasScannedForEncodings = 0;
			knownRegions = (
				en,
			);
			mainGroup = 9D95C71F151C671D00C1AC1D;
			productRefGroup = 9D95C72B151C671D00C1AC1D /* Products */;
			projectDirPath = "";
			projectRoot = "";
			targets = (
				9D95C729151C671D00C1AC1D /* iLearnChinese */,
				9D95C74D151C671D00C1AC1D /* iLearnChineseTests */,
			);
		};
/* End PBXProject section */

/* Begin PBXResourcesBuildPhase section */
		9D95C728151C671D00C1AC1D /* Resources */ = {
			isa = PBXResourcesBuildPhase;
			buildActionMask = 2147483647;
			files = (
				9D95C739151C671D00C1AC1D /* InfoPlist.strings in Resources */,
				9D95C742151C671D00C1AC1D /* MainStoryboard_iPhone.storyboard in Resources */,
				9D95C745151C671D00C1AC1D /* MainStoryboard_iPad.storyboard in Resources */,
			);
			runOnlyForDeploymentPostprocessing = 0;
		};
		9D95C74B151C671D00C1AC1D /* Resources */ = {
			isa = PBXResourcesBuildPhase;
			buildActionMask = 2147483647;
			files = (
				9D95C75A151C671D00C1AC1D /* InfoPlist.strings in Resources */,
			);
			runOnlyForDeploymentPostprocessing = 0;
		};
/* End PBXResourcesBuildPhase section */

/* Begin PBXShellScriptBuildPhase section */
		9D95C74C151C671D00C1AC1D /* ShellScript */ = {
			isa = PBXShellScriptBuildPhase;
			buildActionMask = 2147483647;
			files = (
			);
			inputPaths = (
			);
			outputPaths = (
			);
			runOnlyForDeploymentPostprocessing = 0;
			shellPath = /bin/sh;
			shellScript = "# Run the unit tests in this test bundle.\n\"${SYSTEM_DEVELOPER_DIR}/Tools/RunUnitTests\"\n";
		};
/* End PBXShellScriptBuildPhase section */

/* Begin PBXSourcesBuildPhase section */
		9D95C726151C671D00C1AC1D /* Sources */ = {
			isa = PBXSourcesBuildPhase;
			buildActionMask = 2147483647;
			files = (
				9D95C73B151C671D00C1AC1D /* main.m in Sources */,
				9D95C73F151C671D00C1AC1D /* AppDelegate.m in Sources */,
				9D95C748151C671D00C1AC1D /* ViewController.m in Sources */,
			);
			runOnlyForDeploymentPostprocessing = 0;
		};
		9D95C749151C671D00C1AC1D /* Sources */ = {
			isa = PBXSourcesBuildPhase;
			buildActionMask = 2147483647;
			files = (
				9D95C75D151C671D00C1AC1D /* iLearnChineseTests.m in Sources */,
			);
			runOnlyForDeploymentPostprocessing = 0;
		};
/* End PBXSourcesBuildPhase section */

/* Begin PBXTargetDependency section */
		9D95C754151C671D00C1AC1D /* PBXTargetDependency */ = {
			isa = PBXTargetDependency;
			target = 9D95C729151C671D00C1AC1D /* iLearnChinese */;
			targetProxy = 9D95C753151C671D00C1AC1D /* PBXContainerItemProxy */;
		};
/* End PBXTargetDependency section */

/* Begin PBXVariantGroup section */
		9D95C737151C671D00C1AC1D /* InfoPlist.strings */ = {
			isa = PBXVariantGroup;
			children = (
				9D95C738151C671D00C1AC1D /* en */,
			);
			name = InfoPlist.strings;
			sourceTree = "<group>";
		};
		9D95C740151C671D00C1AC1D /* MainStoryboard_iPhone.storyboard */ = {
			isa = PBXVariantGroup;
			children = (
				9D95C741151C671D00C1AC1D /* en */,
			);
			name = MainStoryboard_iPhone.storyboard;
			sourceTree = "<group>";
		};
		9D95C743151C671D00C1AC1D /* MainStoryboard_iPad.storyboard */ = {
			isa = PBXVariantGroup;
			children = (
				9D95C744151C671D00C1AC1D /* en */,
			);
			name = MainStoryboard_iPad.storyboard;
			sourceTree = "<group>";
		};
		9D95C758151C671D00C1AC1D /* InfoPlist.strings */ = {
			isa = PBXVariantGroup;
			children = (
				9D95C759151C671D00C1AC1D /* en */,
			);
			name = InfoPlist.strings;
			sourceTree = "<group>";
		};
/* End PBXVariantGroup section */

/* Begin XCBuildConfiguration section */
		9D95C75E151C671D00C1AC1D /* Debug */ = {
			isa = XCBuildConfiguration;
			buildSettings = {
				ALWAYS_SEARCH_USER_PATHS = NO;
				ARCHS = "$(ARCHS_STANDARD_32_BIT)";
				CLANG_ENABLE_OBJC_ARC = YES;
				"CODE_SIGN_IDENTITY[sdk=iphoneos*]" = "iPhone Developer";
				COPY_PHASE_STRIP = NO;
				GCC_C_LANGUAGE_STANDARD = gnu99;
				GCC_DYNAMIC_NO_PIC = NO;
				GCC_OPTIMIZATION_LEVEL = 0;
				GCC_PREPROCESSOR_DEFINITIONS = (
					"DEBUG=1",
					"$(inherited)",
				);
				GCC_SYMBOLS_PRIVATE_EXTERN = NO;
				GCC_VERSION = com.apple.compilers.llvm.clang.1_0;
				GCC_WARN_ABOUT_MISSING_PROTOTYPES = YES;
				GCC_WARN_ABOUT_RETURN_TYPE = YES;
				GCC_WARN_UNUSED_VARIABLE = YES;
				IPHONEOS_DEPLOYMENT_TARGET = 5.0;
				SDKROOT = iphoneos;
				TARGETED_DEVICE_FAMILY = "1,2";
			};
			name = Debug;
		};
		9D95C75F151C671D00C1AC1D /* Release */ = {
			isa = XCBuildConfiguration;
			buildSettings = {
				ALWAYS_SEARCH_USER_PATHS = NO;
				ARCHS = "$(ARCHS_STANDARD_32_BIT)";
				CLANG_ENABLE_OBJC_ARC = YES;
				"CODE_SIGN_IDENTITY[sdk=iphoneos*]" = "iPhone Developer";
				COPY_PHASE_STRIP = YES;
				GCC_C_LANGUAGE_STANDARD = gnu99;
				GCC_VERSION = com.apple.compilers.llvm.clang.1_0;
				GCC_WARN_ABOUT_MISSING_PROTOTYPES = YES;
				GCC_WARN_ABOUT_RETURN_TYPE = YES;
				GCC_WARN_UNUSED_VARIABLE = YES;
				IPHONEOS_DEPLOYMENT_TARGET = 5.0;
				OTHER_CFLAGS = "-DNS_BLOCK_ASSERTIONS=1";
				SDKROOT = iphoneos;
				TARGETED_DEVICE_FAMILY = "1,2";
				VALIDATE_PRODUCT = YES;
			};
			name = Release;
		};
		9D95C761151C671D00C1AC1D /* Debug */ = {
			isa = XCBuildConfiguration;
			buildSettings = {
				GCC_PRECOMPILE_PREFIX_HEADER = YES;
				GCC_PREFIX_HEADER = "iLearnChinese/iLearnChinese-Prefix.pch";
				INFOPLIST_FILE = "iLearnChinese/iLearnChinese-Info.plist";
				PRODUCT_NAME = "$(TARGET_NAME)";
				WRAPPER_EXTENSION = app;
			};
			name = Debug;
		};
		9D95C762151C671D00C1AC1D /* Release */ = {
			isa = XCBuildConfiguration;
			buildSettings = {
				GCC_PRECOMPILE_PREFIX_HEADER = YES;
				GCC_PREFIX_HEADER = "iLearnChinese/iLearnChinese-Prefix.pch";
				INFOPLIST_FILE = "iLearnChinese/iLearnChinese-Info.plist";
				PRODUCT_NAME = "$(TARGET_NAME)";
				WRAPPER_EXTENSION = app;
			};
			name = Release;
		};
		9D95C764151C671D00C1AC1D /* Debug */ = {
			isa = XCBuildConfiguration;
			buildSettings = {
				BUNDLE_LOADER = "$(BUILT_PRODUCTS_DIR)/iLearnChinese.app/iLearnChinese";
				FRAMEWORK_SEARCH_PATHS = (
					"$(SDKROOT)/Developer/Library/Frameworks",
					"$(DEVELOPER_LIBRARY_DIR)/Frameworks",
				);
				GCC_PRECOMPILE_PREFIX_HEADER = YES;
				GCC_PREFIX_HEADER = "iLearnChinese/iLearnChinese-Prefix.pch";
				INFOPLIST_FILE = "iLearnChineseTests/iLearnChineseTests-Info.plist";
				PRODUCT_NAME = "$(TARGET_NAME)";
				TEST_HOST = "$(BUNDLE_LOADER)";
				WRAPPER_EXTENSION = octest;
			};
			name = Debug;
		};
		9D95C765151C671D00C1AC1D /* Release */ = {
			isa = XCBuildConfiguration;
			buildSettings = {
				BUNDLE_LOADER = "$(BUILT_PRODUCTS_DIR)/iLearnChinese.app/iLearnChinese";
				FRAMEWORK_SEARCH_PATHS = (
					"$(SDKROOT)/Developer/Library/Frameworks",
					"$(DEVELOPER_LIBRARY_DIR)/Frameworks",
				);
				GCC_PRECOMPILE_PREFIX_HEADER = YES;
				GCC_PREFIX_HEADER = "iLearnChinese/iLearnChinese-Prefix.pch";
				INFOPLIST_FILE = "iLearnChineseTests/iLearnChineseTests-Info.plist";
				PRODUCT_NAME = "$(TARGET_NAME)";
				TEST_HOST = "$(BUNDLE_LOADER)";
				WRAPPER_EXTENSION = octest;
			};
			name = Release;
		};
/* End XCBuildConfiguration section */

/* Begin XCConfigurationList section */
		9D95C724151C671D00C1AC1D /* Build configuration list for PBXProject "iLearnChinese" */ = {
			isa = XCConfigurationList;
			buildConfigurations = (
				9D95C75E151C671D00C1AC1D /* Debug */,
				9D95C75F151C671D00C1AC1D /* Release */,
			);
			defaultConfigurationIsVisible = 0;
			defaultConfigurationName = Release;
		};
		9D95C760151C671D00C1AC1D /* Build configuration list for PBXNativeTarget "iLearnChinese" */ = {
			isa = XCConfigurationList;
			buildConfigurations = (
				9D95C761151C671D00C1AC1D /* Debug */,
				9D95C762151C671D00C1AC1D /* Release */,
			);
			defaultConfigurationIsVisible = 0;
		};
		9D95C763151C671D00C1AC1D /* Build configuration list for PBXNativeTarget "iLearnChineseTests" */ = {
			isa = XCConfigurationList;
			buildConfigurations = (
				9D95C764151C671D00C1AC1D /* Debug */,
				9D95C765151C671D00C1AC1D /* Release */,
			);
			defaultConfigurationIsVisible = 0;
		};
/* End XCConfigurationList section */
	};
	rootObject = 9D95C721151C671D00C1AC1D /* Project object */;
}
