// !$*UTF8*$!
{
	archiveVersion = 1;
	classes = {
	};
	objectVersion = 46;
	objects = {

/* Begin PBXBuildFile section */
		6FF88E98151C547300834B91 /* UIKit.framework in Frameworks */ = {isa = PBXBuildFile; fileRef = 6FF88E97151C547300834B91 /* UIKit.framework */; };
		6FF88E9A151C547300834B91 /* Foundation.framework in Frameworks */ = {isa = PBXBuildFile; fileRef = 6FF88E99151C547300834B91 /* Foundation.framework */; };
		6FF88E9C151C547300834B91 /* CoreGraphics.framework in Frameworks */ = {isa = PBXBuildFile; fileRef = 6FF88E9B151C547300834B91 /* CoreGraphics.framework */; };
		6FF88EA2151C547300834B91 /* InfoPlist.strings in Resources */ = {isa = PBXBuildFile; fileRef = 6FF88EA0151C547300834B91 /* InfoPlist.strings */; };
		6FF88EA4151C547300834B91 /* main.m in Sources */ = {isa = PBXBuildFile; fileRef = 6FF88EA3151C547300834B91 /* main.m */; };
		6FF88EA8151C547300834B91 /* LearningChineseAppDelegate.m in Sources */ = {isa = PBXBuildFile; fileRef = 6FF88EA7151C547300834B91 /* LearningChineseAppDelegate.m */; };
		6FF88EAB151C547300834B91 /* MainStoryboard.storyboard in Resources */ = {isa = PBXBuildFile; fileRef = 6FF88EA9151C547300834B91 /* MainStoryboard.storyboard */; };
		6FF88EAE151C547300834B91 /* LearningChineseViewController.m in Sources */ = {isa = PBXBuildFile; fileRef = 6FF88EAD151C547300834B91 /* LearningChineseViewController.m */; };
		6FF88EB6151C551800834B91 /* LearningChineseGameOneViewController.m in Sources */ = {isa = PBXBuildFile; fileRef = 6FF88EB5151C551800834B91 /* LearningChineseGameOneViewController.m */; };
		6FF88EB9151C552700834B91 /* LearningChineseGameTwoViewController.m in Sources */ = {isa = PBXBuildFile; fileRef = 6FF88EB8151C552700834B91 /* LearningChineseGameTwoViewController.m */; };
		6FF88EBD151C578400834B91 /* background.png in Resources */ = {isa = PBXBuildFile; fileRef = 6FF88EBC151C578400834B91 /* background.png */; };
		9D0A246F151C6A0300AC7811 /* background1.png in Resources */ = {isa = PBXBuildFile; fileRef = 9D0A246E151C6A0300AC7811 /* background1.png */; };
/* End PBXBuildFile section */

/* Begin PBXFileReference section */
		6FF88E93151C547300834B91 /* iLearnChinese.app */ = {isa = PBXFileReference; explicitFileType = wrapper.application; includeInIndex = 0; path = iLearnChinese.app; sourceTree = BUILT_PRODUCTS_DIR; };
		6FF88E97151C547300834B91 /* UIKit.framework */ = {isa = PBXFileReference; lastKnownFileType = wrapper.framework; name = UIKit.framework; path = System/Library/Frameworks/UIKit.framework; sourceTree = SDKROOT; };
		6FF88E99151C547300834B91 /* Foundation.framework */ = {isa = PBXFileReference; lastKnownFileType = wrapper.framework; name = Foundation.framework; path = System/Library/Frameworks/Foundation.framework; sourceTree = SDKROOT; };
		6FF88E9B151C547300834B91 /* CoreGraphics.framework */ = {isa = PBXFileReference; lastKnownFileType = wrapper.framework; name = CoreGraphics.framework; path = System/Library/Frameworks/CoreGraphics.framework; sourceTree = SDKROOT; };
		6FF88E9F151C547300834B91 /* iLearnChinese-Info.plist */ = {isa = PBXFileReference; lastKnownFileType = text.plist.xml; path = "iLearnChinese-Info.plist"; sourceTree = "<group>"; };
		6FF88EA1151C547300834B91 /* en */ = {isa = PBXFileReference; lastKnownFileType = text.plist.strings; name = en; path = en.lproj/InfoPlist.strings; sourceTree = "<group>"; };
		6FF88EA3151C547300834B91 /* main.m */ = {isa = PBXFileReference; lastKnownFileType = sourcecode.c.objc; path = main.m; sourceTree = "<group>"; };
		6FF88EA5151C547300834B91 /* iLearnChinese-Prefix.pch */ = {isa = PBXFileReference; lastKnownFileType = sourcecode.c.h; path = "iLearnChinese-Prefix.pch"; sourceTree = "<group>"; };
		6FF88EA6151C547300834B91 /* LearningChineseAppDelegate.h */ = {isa = PBXFileReference; lastKnownFileType = sourcecode.c.h; path = LearningChineseAppDelegate.h; sourceTree = "<group>"; };
		6FF88EA7151C547300834B91 /* LearningChineseAppDelegate.m */ = {isa = PBXFileReference; lastKnownFileType = sourcecode.c.objc; path = LearningChineseAppDelegate.m; sourceTree = "<group>"; };
		6FF88EAA151C547300834B91 /* en */ = {isa = PBXFileReference; lastKnownFileType = file.storyboard; name = en; path = en.lproj/MainStoryboard.storyboard; sourceTree = "<group>"; };
		6FF88EAC151C547300834B91 /* LearningChineseViewController.h */ = {isa = PBXFileReference; lastKnownFileType = sourcecode.c.h; path = LearningChineseViewController.h; sourceTree = "<group>"; };
		6FF88EAD151C547300834B91 /* LearningChineseViewController.m */ = {isa = PBXFileReference; lastKnownFileType = sourcecode.c.objc; path = LearningChineseViewController.m; sourceTree = "<group>"; };
		6FF88EB4151C551800834B91 /* LearningChineseGameOneViewController.h */ = {isa = PBXFileReference; fileEncoding = 4; lastKnownFileType = sourcecode.c.h; path = LearningChineseGameOneViewController.h; sourceTree = "<group>"; };
		6FF88EB5151C551800834B91 /* LearningChineseGameOneViewController.m */ = {isa = PBXFileReference; fileEncoding = 4; lastKnownFileType = sourcecode.c.objc; path = LearningChineseGameOneViewController.m; sourceTree = "<group>"; };
		6FF88EB7151C552700834B91 /* LearningChineseGameTwoViewController.h */ = {isa = PBXFileReference; fileEncoding = 4; lastKnownFileType = sourcecode.c.h; path = LearningChineseGameTwoViewController.h; sourceTree = "<group>"; };
		6FF88EB8151C552700834B91 /* LearningChineseGameTwoViewController.m */ = {isa = PBXFileReference; fileEncoding = 4; lastKnownFileType = sourcecode.c.objc; path = LearningChineseGameTwoViewController.m; sourceTree = "<group>"; };
		6FF88EBC151C578400834B91 /* background.png */ = {isa = PBXFileReference; lastKnownFileType = image.png; path = background.png; sourceTree = "<group>"; };
		9D0A246E151C6A0300AC7811 /* background1.png */ = {isa = PBXFileReference; lastKnownFileType = image.png; path = background1.png; sourceTree = "<group>"; };
/* End PBXFileReference section */

/* Begin PBXFrameworksBuildPhase section */
		6FF88E90151C547300834B91 /* Frameworks */ = {
			isa = PBXFrameworksBuildPhase;
			buildActionMask = 2147483647;
			files = (
				6FF88E98151C547300834B91 /* UIKit.framework in Frameworks */,
				6FF88E9A151C547300834B91 /* Foundation.framework in Frameworks */,
				6FF88E9C151C547300834B91 /* CoreGraphics.framework in Frameworks */,
			);
			runOnlyForDeploymentPostprocessing = 0;
		};
/* End PBXFrameworksBuildPhase section */

/* Begin PBXGroup section */
		6FF88E88151C547200834B91 = {
			isa = PBXGroup;
			children = (
				6FF88E9D151C547300834B91 /* iLearnChinese */,
				6FF88E96151C547300834B91 /* Frameworks */,
				6FF88E94151C547300834B91 /* Products */,
			);
			sourceTree = "<group>";
		};
		6FF88E94151C547300834B91 /* Products */ = {
			isa = PBXGroup;
			children = (
				6FF88E93151C547300834B91 /* iLearnChinese.app */,
			);
			name = Products;
			sourceTree = "<group>";
		};
		6FF88E96151C547300834B91 /* Frameworks */ = {
			isa = PBXGroup;
			children = (
				6FF88E97151C547300834B91 /* UIKit.framework */,
				6FF88E99151C547300834B91 /* Foundation.framework */,
				6FF88E9B151C547300834B91 /* CoreGraphics.framework */,
			);
			name = Frameworks;
			sourceTree = "<group>";
		};
		6FF88E9D151C547300834B91 /* iLearnChinese */ = {
			isa = PBXGroup;
			children = (
				6FF88EBB151C567500834B91 /* Ressources */,
				6FF88EBA151C565800834B91 /* GUI */,
				6FF88EA6151C547300834B91 /* LearningChineseAppDelegate.h */,
				6FF88EA7151C547300834B91 /* LearningChineseAppDelegate.m */,
				6FF88EA9151C547300834B91 /* MainStoryboard.storyboard */,
				6FF88EAC151C547300834B91 /* LearningChineseViewController.h */,
				6FF88EAD151C547300834B91 /* LearningChineseViewController.m */,
				6FF88E9E151C547300834B91 /* Supporting Files */,
			);
			path = iLearnChinese;
			sourceTree = "<group>";
		};
		6FF88E9E151C547300834B91 /* Supporting Files */ = {
			isa = PBXGroup;
			children = (
				6FF88E9F151C547300834B91 /* iLearnChinese-Info.plist */,
				6FF88EA0151C547300834B91 /* InfoPlist.strings */,
				6FF88EA3151C547300834B91 /* main.m */,
				6FF88EA5151C547300834B91 /* iLearnChinese-Prefix.pch */,
			);
			name = "Supporting Files";
			sourceTree = "<group>";
		};
		6FF88EBA151C565800834B91 /* GUI */ = {
			isa = PBXGroup;
			children = (
				6FF88EB4151C551800834B91 /* LearningChineseGameOneViewController.h */,
				6FF88EB5151C551800834B91 /* LearningChineseGameOneViewController.m */,
				6FF88EB7151C552700834B91 /* LearningChineseGameTwoViewController.h */,
				6FF88EB8151C552700834B91 /* LearningChineseGameTwoViewController.m */,
			);
			name = GUI;
			sourceTree = "<group>";
		};
		6FF88EBB151C567500834B91 /* Ressources */ = {
			isa = PBXGroup;
			children = (
				6FF88EBC151C578400834B91 /* background.png */,
				9D0A246E151C6A0300AC7811 /* background1.png */,
			);
			name = Ressources;
			sourceTree = "<group>";
		};
/* End PBXGroup section */

/* Begin PBXNativeTarget section */
		6FF88E92151C547300834B91 /* iLearnChinese */ = {
			isa = PBXNativeTarget;
			buildConfigurationList = 6FF88EB1151C547300834B91 /* Build configuration list for PBXNativeTarget "iLearnChinese" */;
			buildPhases = (
				6FF88E8F151C547300834B91 /* Sources */,
				6FF88E90151C547300834B91 /* Frameworks */,
				6FF88E91151C547300834B91 /* Resources */,
			);
			buildRules = (
			);
			dependencies = (
			);
			name = iLearnChinese;
			productName = iLearnChinese;
			productReference = 6FF88E93151C547300834B91 /* iLearnChinese.app */;
			productType = "com.apple.product-type.application";
		};
/* End PBXNativeTarget section */

/* Begin PBXProject section */
		6FF88E8A151C547200834B91 /* Project object */ = {
			isa = PBXProject;
			attributes = {
				CLASSPREFIX = LearningChinese;
				LastUpgradeCheck = 0430;
			};
			buildConfigurationList = 6FF88E8D151C547200834B91 /* Build configuration list for PBXProject "iLearnChinese" */;
			compatibilityVersion = "Xcode 3.2";
			developmentRegion = English;
			hasScannedForEncodings = 0;
			knownRegions = (
				en,
			);
			mainGroup = 6FF88E88151C547200834B91;
			productRefGroup = 6FF88E94151C547300834B91 /* Products */;
			projectDirPath = "";
			projectRoot = "";
			targets = (
				6FF88E92151C547300834B91 /* iLearnChinese */,
			);
		};
/* End PBXProject section */

/* Begin PBXResourcesBuildPhase section */
		6FF88E91151C547300834B91 /* Resources */ = {
			isa = PBXResourcesBuildPhase;
			buildActionMask = 2147483647;
			files = (
				6FF88EA2151C547300834B91 /* InfoPlist.strings in Resources */,
				6FF88EAB151C547300834B91 /* MainStoryboard.storyboard in Resources */,
				6FF88EBD151C578400834B91 /* background.png in Resources */,
				9D0A246F151C6A0300AC7811 /* background1.png in Resources */,
			);
			runOnlyForDeploymentPostprocessing = 0;
		};
/* End PBXResourcesBuildPhase section */

/* Begin PBXSourcesBuildPhase section */
		6FF88E8F151C547300834B91 /* Sources */ = {
			isa = PBXSourcesBuildPhase;
			buildActionMask = 2147483647;
			files = (
				6FF88EA4151C547300834B91 /* main.m in Sources */,
				6FF88EA8151C547300834B91 /* LearningChineseAppDelegate.m in Sources */,
				6FF88EAE151C547300834B91 /* LearningChineseViewController.m in Sources */,
				6FF88EB6151C551800834B91 /* LearningChineseGameOneViewController.m in Sources */,
				6FF88EB9151C552700834B91 /* LearningChineseGameTwoViewController.m in Sources */,
			);
			runOnlyForDeploymentPostprocessing = 0;
		};
/* End PBXSourcesBuildPhase section */

/* Begin PBXVariantGroup section */
		6FF88EA0151C547300834B91 /* InfoPlist.strings */ = {
			isa = PBXVariantGroup;
			children = (
				6FF88EA1151C547300834B91 /* en */,
			);
			name = InfoPlist.strings;
			sourceTree = "<group>";
		};
		6FF88EA9151C547300834B91 /* MainStoryboard.storyboard */ = {
			isa = PBXVariantGroup;
			children = (
				6FF88EAA151C547300834B91 /* en */,
			);
			name = MainStoryboard.storyboard;
			sourceTree = "<group>";
		};
/* End PBXVariantGroup section */

/* Begin XCBuildConfiguration section */
		6FF88EAF151C547300834B91 /* Debug */ = {
			isa = XCBuildConfiguration;
			buildSettings = {
				ALWAYS_SEARCH_USER_PATHS = NO;
				ARCHS = "$(ARCHS_STANDARD_32_BIT)";
				CLANG_ENABLE_OBJC_ARC = YES;
				"CODE_SIGN_IDENTITY[sdk=iphoneos*]" = "iPhone Developer";
				COPY_PHASE_STRIP = NO;
				GCC_C_LANGUAGE_STANDARD = gnu99;
				GCC_DYNAMIC_NO_PIC = NO;
				GCC_OPTIMIZATION_LEVEL = 0;
				GCC_PREPROCESSOR_DEFINITIONS = (
					"DEBUG=1",
					"$(inherited)",
				);
				GCC_SYMBOLS_PRIVATE_EXTERN = NO;
				GCC_VERSION = com.apple.compilers.llvm.clang.1_0;
				GCC_WARN_ABOUT_RETURN_TYPE = YES;
				GCC_WARN_UNINITIALIZED_AUTOS = YES;
				GCC_WARN_UNUSED_VARIABLE = YES;
				IPHONEOS_DEPLOYMENT_TARGET = 5.1;
				SDKROOT = iphoneos;
			};
			name = Debug;
		};
		6FF88EB0151C547300834B91 /* Release */ = {
			isa = XCBuildConfiguration;
			buildSettings = {
				ALWAYS_SEARCH_USER_PATHS = NO;
				ARCHS = "$(ARCHS_STANDARD_32_BIT)";
				CLANG_ENABLE_OBJC_ARC = YES;
				"CODE_SIGN_IDENTITY[sdk=iphoneos*]" = "iPhone Developer";
				COPY_PHASE_STRIP = YES;
				GCC_C_LANGUAGE_STANDARD = gnu99;
				GCC_VERSION = com.apple.compilers.llvm.clang.1_0;
				GCC_WARN_ABOUT_RETURN_TYPE = YES;
				GCC_WARN_UNINITIALIZED_AUTOS = YES;
				GCC_WARN_UNUSED_VARIABLE = YES;
				IPHONEOS_DEPLOYMENT_TARGET = 5.1;
				OTHER_CFLAGS = "-DNS_BLOCK_ASSERTIONS=1";
				SDKROOT = iphoneos;
				VALIDATE_PRODUCT = YES;
			};
			name = Release;
		};
		6FF88EB2151C547300834B91 /* Debug */ = {
			isa = XCBuildConfiguration;
			buildSettings = {
				GCC_PRECOMPILE_PREFIX_HEADER = YES;
				GCC_PREFIX_HEADER = "iLearnChinese/iLearnChinese-Prefix.pch";
				INFOPLIST_FILE = "iLearnChinese/iLearnChinese-Info.plist";
				IPHONEOS_DEPLOYMENT_TARGET = 5.0;
				PRODUCT_NAME = "$(TARGET_NAME)";
				TARGETED_DEVICE_FAMILY = 1;
				WRAPPER_EXTENSION = app;
			};
			name = Debug;
		};
		6FF88EB3151C547300834B91 /* Release */ = {
			isa = XCBuildConfiguration;
			buildSettings = {
				GCC_PRECOMPILE_PREFIX_HEADER = YES;
				GCC_PREFIX_HEADER = "iLearnChinese/iLearnChinese-Prefix.pch";
				INFOPLIST_FILE = "iLearnChinese/iLearnChinese-Info.plist";
				IPHONEOS_DEPLOYMENT_TARGET = 5.0;
				PRODUCT_NAME = "$(TARGET_NAME)";
				TARGETED_DEVICE_FAMILY = 1;
				WRAPPER_EXTENSION = app;
			};
			name = Release;
		};
/* End XCBuildConfiguration section */

/* Begin XCConfigurationList section */
		6FF88E8D151C547200834B91 /* Build configuration list for PBXProject "iLearnChinese" */ = {
			isa = XCConfigurationList;
			buildConfigurations = (
				6FF88EAF151C547300834B91 /* Debug */,
				6FF88EB0151C547300834B91 /* Release */,
			);
			defaultConfigurationIsVisible = 0;
			defaultConfigurationName = Release;
		};
		6FF88EB1151C547300834B91 /* Build configuration list for PBXNativeTarget "iLearnChinese" */ = {
			isa = XCConfigurationList;
			buildConfigurations = (
				6FF88EB2151C547300834B91 /* Debug */,
				6FF88EB3151C547300834B91 /* Release */,
			);
			defaultConfigurationIsVisible = 0;
			defaultConfigurationName = Release;
		};
/* End XCConfigurationList section */
	};
	rootObject = 6FF88E8A151C547200834B91 /* Project object */;
}
